
Microsoft Visual Studio Solution File, Format Version 12.00
# Visual Studio 14
VisualStudioVersion = 14.0.24720.0
MinimumVisualStudioVersion = 10.0.40219.1
Project("{FAE04EC0-301F-11D3-BF4B-00C04F79EFBC}") = "ColorPickerDialog", "ColorPickerDialog\ColorPickerDialog.csproj", "{B3C208F2-A9C8-4B61-B5A3-BEA5411F323A}"
EndProject
Project("{FAE04EC0-301F-11D3-BF4B-00C04F79EFBC}") = "ColorPickerDialogWeb", "ColorPickerDialogWeb\ColorPickerDialogWeb.csproj", "{70810E29-4C9D-4289-9C2D-640421571B7F}"
EndProject
Global
	GlobalSection(SolutionConfigurationPlatforms) = preSolution
		Debug|Any CPU = Debug|Any CPU
		Release|Any CPU = Release|Any CPU
	EndGlobalSection
	GlobalSection(ProjectConfigurationPlatforms) = postSolution
		{B3C208F2-A9C8-4B61-B5A3-BEA5411F323A}.Debug|Any CPU.ActiveCfg = Debug|Any CPU
		{B3C208F2-A9C8-4B61-B5A3-BEA5411F323A}.Debug|Any CPU.Build.0 = Debug|Any CPU
		{B3C208F2-A9C8-4B61-B5A3-BEA5411F323A}.Debug|Any CPU.Deploy.0 = Debug|Any CPU
		{B3C208F2-A9C8-4B61-B5A3-BEA5411F323A}.Release|Any CPU.ActiveCfg = Release|Any CPU
		{B3C208F2-A9C8-4B61-B5A3-BEA5411F323A}.Release|Any CPU.Build.0 = Release|Any CPU
		{B3C208F2-A9C8-4B61-B5A3-BEA5411F323A}.Release|Any CPU.Deploy.0 = Release|Any CPU
		{70810E29-4C9D-4289-9C2D-640421571B7F}.Debug|Any CPU.ActiveCfg = Debug|Any CPU
		{70810E29-4C9D-4289-9C2D-640421571B7F}.Debug|Any CPU.Build.0 = Debug|Any CPU
		{70810E29-4C9D-4289-9C2D-640421571B7F}.Release|Any CPU.ActiveCfg = Release|Any CPU
		{70810E29-4C9D-4289-9C2D-640421571B7F}.Release|Any CPU.Build.0 = Release|Any CPU
	EndGlobalSection
	GlobalSection(SolutionProperties) = preSolution
		HideSolutionNode = FALSE
	EndGlobalSection
EndGlobal
